// !$*UTF8*$!
{
	archiveVersion = 1;
	classes = {
	};
	objectVersion = 46;
	objects = {

/* Begin PBXBuildFile section */
		FC0FE9EC19FF313F008B6BB4 /* main.m in Sources */ = {isa = PBXBuildFile; fileRef = FC0FE9EB19FF313F008B6BB4 /* main.m */; };
		FC0FE9EF19FF313F008B6BB4 /* AppDelegate.m in Sources */ = {isa = PBXBuildFile; fileRef = FC0FE9EE19FF313F008B6BB4 /* AppDelegate.m */; };
		FC0FE9F219FF313F008B6BB4 /* embedNavi.xcdatamodeld in Sources */ = {isa = PBXBuildFile; fileRef = FC0FE9F019FF313F008B6BB4 /* embedNavi.xcdatamodeld */; };
		FC0FE9F519FF313F008B6BB4 /* ViewController.m in Sources */ = {isa = PBXBuildFile; fileRef = FC0FE9F419FF313F008B6BB4 /* ViewController.m */; };
		FC0FE9F819FF313F008B6BB4 /* Main.storyboard in Resources */ = {isa = PBXBuildFile; fileRef = FC0FE9F619FF313F008B6BB4 /* Main.storyboard */; };
		FC0FE9FA19FF313F008B6BB4 /* Images.xcassets in Resources */ = {isa = PBXBuildFile; fileRef = FC0FE9F919FF313F008B6BB4 /* Images.xcassets */; };
		FC0FE9FD19FF313F008B6BB4 /* LaunchScreen.xib in Resources */ = {isa = PBXBuildFile; fileRef = FC0FE9FB19FF313F008B6BB4 /* LaunchScreen.xib */; };
		FC0FEA0919FF313F008B6BB4 /* embedNaviTests.m in Sources */ = {isa = PBXBuildFile; fileRef = FC0FEA0819FF313F008B6BB4 /* embedNaviTests.m */; };
		FC7E53A91A0082E40002FF46 /* MyViewController.m in Sources */ = {isa = PBXBuildFile; fileRef = FC7E53A81A0082E40002FF46 /* MyViewController.m */; };
/* End PBXBuildFile section */

/* Begin PBXContainerItemProxy section */
		FC0FEA0319FF313F008B6BB4 /* PBXContainerItemProxy */ = {
			isa = PBXContainerItemProxy;
			containerPortal = FC0FE9DE19FF313F008B6BB4 /* Project object */;
			proxyType = 1;
			remoteGlobalIDString = FC0FE9E519FF313F008B6BB4;
			remoteInfo = embedNavi;
		};
/* End PBXContainerItemProxy section */

/* Begin PBXFileReference section */
		FC0FE9E619FF313F008B6BB4 /* embedNavi.app */ = {isa = PBXFileReference; explicitFileType = wrapper.application; includeInIndex = 0; path = embedNavi.app; sourceTree = BUILT_PRODUCTS_DIR; };
		FC0FE9EA19FF313F008B6BB4 /* Info.plist */ = {isa = PBXFileReference; lastKnownFileType = text.plist.xml; path = Info.plist; sourceTree = "<group>"; };
		FC0FE9EB19FF313F008B6BB4 /* main.m */ = {isa = PBXFileReference; lastKnownFileType = sourcecode.c.objc; path = main.m; sourceTree = "<group>"; };
		FC0FE9ED19FF313F008B6BB4 /* AppDelegate.h */ = {isa = PBXFileReference; lastKnownFileType = sourcecode.c.h; path = AppDelegate.h; sourceTree = "<group>"; };
		FC0FE9EE19FF313F008B6BB4 /* AppDelegate.m */ = {isa = PBXFileReference; lastKnownFileType = sourcecode.c.objc; path = AppDelegate.m; sourceTree = "<group>"; };
		FC0FE9F119FF313F008B6BB4 /* embedNavi.xcdatamodel */ = {isa = PBXFileReference; lastKnownFileType = wrapper.xcdatamodel; path = embedNavi.xcdatamodel; sourceTree = "<group>"; };
		FC0FE9F319FF313F008B6BB4 /* ViewController.h */ = {isa = PBXFileReference; lastKnownFileType = sourcecode.c.h; path = ViewController.h; sourceTree = "<group>"; };
		FC0FE9F419FF313F008B6BB4 /* ViewController.m */ = {isa = PBXFileReference; lastKnownFileType = sourcecode.c.objc; path = ViewController.m; sourceTree = "<group>"; };
		FC0FE9F719FF313F008B6BB4 /* Base */ = {isa = PBXFileReference; lastKnownFileType = file.storyboard; name = Base; path = Base.lproj/Main.storyboard; sourceTree = "<group>"; };
		FC0FE9F919FF313F008B6BB4 /* Images.xcassets */ = {isa = PBXFileReference; lastKnownFileType = folder.assetcatalog; path = Images.xcassets; sourceTree = "<group>"; };
		FC0FE9FC19FF313F008B6BB4 /* Base */ = {isa = PBXFileReference; lastKnownFileType = file.xib; name = Base; path = Base.lproj/LaunchScreen.xib; sourceTree = "<group>"; };
		FC0FEA0219FF313F008B6BB4 /* embedNaviTests.xctest */ = {isa = PBXFileReference; explicitFileType = wrapper.cfbundle; includeInIndex = 0; path = embedNaviTests.xctest; sourceTree = BUILT_PRODUCTS_DIR; };
		FC0FEA0719FF313F008B6BB4 /* Info.plist */ = {isa = PBXFileReference; lastKnownFileType = text.plist.xml; path = Info.plist; sourceTree = "<group>"; };
		FC0FEA0819FF313F008B6BB4 /* embedNaviTests.m */ = {isa = PBXFileReference; lastKnownFileType = sourcecode.c.objc; path = embedNaviTests.m; sourceTree = "<group>"; };
		FC7E53A71A0082E40002FF46 /* MyViewController.h */ = {isa = PBXFileReference; fileEncoding = 4; lastKnownFileType = sourcecode.c.h; path = MyViewController.h; sourceTree = "<group>"; };
		FC7E53A81A0082E40002FF46 /* MyViewController.m */ = {isa = PBXFileReference; fileEncoding = 4; lastKnownFileType = sourcecode.c.objc; path = MyViewController.m; sourceTree = "<group>"; };
/* End PBXFileReference section */

/* Begin PBXFrameworksBuildPhase section */
		FC0FE9E319FF313F008B6BB4 /* Frameworks */ = {
			isa = PBXFrameworksBuildPhase;
			buildActionMask = 2147483647;
			files = (
			);
			runOnlyForDeploymentPostprocessing = 0;
		};
		FC0FE9FF19FF313F008B6BB4 /* Frameworks */ = {
			isa = PBXFrameworksBuildPhase;
			buildActionMask = 2147483647;
			files = (
			);
			runOnlyForDeploymentPostprocessing = 0;
		};
/* End PBXFrameworksBuildPhase section */

/* Begin PBXGroup section */
		FC0FE9DD19FF313F008B6BB4 = {
			isa = PBXGroup;
			children = (
				FC0FE9E819FF313F008B6BB4 /* embedNavi */,
				FC0FEA0519FF313F008B6BB4 /* embedNaviTests */,
				FC0FE9E719FF313F008B6BB4 /* Products */,
			);
			sourceTree = "<group>";
		};
		FC0FE9E719FF313F008B6BB4 /* Products */ = {
			isa = PBXGroup;
			children = (
				FC0FE9E619FF313F008B6BB4 /* embedNavi.app */,
				FC0FEA0219FF313F008B6BB4 /* embedNaviTests.xctest */,
			);
			name = Products;
			sourceTree = "<group>";
		};
		FC0FE9E819FF313F008B6BB4 /* embedNavi */ = {
			isa = PBXGroup;
			children = (
				FC0FE9ED19FF313F008B6BB4 /* AppDelegate.h */,
				FC0FE9EE19FF313F008B6BB4 /* AppDelegate.m */,
				FC0FE9F319FF313F008B6BB4 /* ViewController.h */,
				FC0FE9F419FF313F008B6BB4 /* ViewController.m */,
				FC0FE9F619FF313F008B6BB4 /* Main.storyboard */,
				FC0FE9F919FF313F008B6BB4 /* Images.xcassets */,
				FC0FE9FB19FF313F008B6BB4 /* LaunchScreen.xib */,
				FC0FE9F019FF313F008B6BB4 /* embedNavi.xcdatamodeld */,
				FC0FE9E919FF313F008B6BB4 /* Supporting Files */,
				FC7E53A71A0082E40002FF46 /* MyViewController.h */,
				FC7E53A81A0082E40002FF46 /* MyViewController.m */,
			);
			path = embedNavi;
			sourceTree = "<group>";
		};
		FC0FE9E919FF313F008B6BB4 /* Supporting Files */ = {
			isa = PBXGroup;
			children = (
				FC0FE9EA19FF313F008B6BB4 /* Info.plist */,
				FC0FE9EB19FF313F008B6BB4 /* main.m */,
			);
			name = "Supporting Files";
			sourceTree = "<group>";
		};
		FC0FEA0519FF313F008B6BB4 /* embedNaviTests */ = {
			isa = PBXGroup;
			children = (
				FC0FEA0819FF313F008B6BB4 /* embedNaviTests.m */,
				FC0FEA0619FF313F008B6BB4 /* Supporting Files */,
			);
			path = embedNaviTests;
			sourceTree = "<group>";
		};
		FC0FEA0619FF313F008B6BB4 /* Supporting Files */ = {
			isa = PBXGroup;
			children = (
				FC0FEA0719FF313F008B6BB4 /* Info.plist */,
			);
			name = "Supporting Files";
			sourceTree = "<group>";
		};
/* End PBXGroup section */

/* Begin PBXNativeTarget section */
		FC0FE9E519FF313F008B6BB4 /* embedNavi */ = {
			isa = PBXNativeTarget;
			buildConfigurationList = FC0FEA0C19FF313F008B6BB4 /* Build configuration list for PBXNativeTarget "embedNavi" */;
			buildPhases = (
				FC0FE9E219FF313F008B6BB4 /* Sources */,
				FC0FE9E319FF313F008B6BB4 /* Frameworks */,
				FC0FE9E419FF313F008B6BB4 /* Resources */,
			);
			buildRules = (
			);
			dependencies = (
			);
			name = embedNavi;
			productName = embedNavi;
			productReference = FC0FE9E619FF313F008B6BB4 /* embedNavi.app */;
			productType = "com.apple.product-type.application";
		};
		FC0FEA0119FF313F008B6BB4 /* embedNaviTests */ = {
			isa = PBXNativeTarget;
			buildConfigurationList = FC0FEA0F19FF313F008B6BB4 /* Build configuration list for PBXNativeTarget "embedNaviTests" */;
			buildPhases = (
				FC0FE9FE19FF313F008B6BB4 /* Sources */,
				FC0FE9FF19FF313F008B6BB4 /* Frameworks */,
				FC0FEA0019FF313F008B6BB4 /* Resources */,
			);
			buildRules = (
			);
			dependencies = (
				FC0FEA0419FF313F008B6BB4 /* PBXTargetDependency */,
			);
			name = embedNaviTests;
			productName = embedNaviTests;
			productReference = FC0FEA0219FF313F008B6BB4 /* embedNaviTests.xctest */;
			productType = "com.apple.product-type.bundle.unit-test";
		};
/* End PBXNativeTarget section */

/* Begin PBXProject section */
		FC0FE9DE19FF313F008B6BB4 /* Project object */ = {
			isa = PBXProject;
			attributes = {
				LastUpgradeCheck = 0610;
				ORGANIZATIONNAME = "chengtz-iMac";
				TargetAttributes = {
					FC0FE9E519FF313F008B6BB4 = {
						CreatedOnToolsVersion = 6.1;
					};
					FC0FEA0119FF313F008B6BB4 = {
						CreatedOnToolsVersion = 6.1;
						TestTargetID = FC0FE9E519FF313F008B6BB4;
					};
				};
			};
			buildConfigurationList = FC0FE9E119FF313F008B6BB4 /* Build configuration list for PBXProject "embedNavi" */;
			compatibilityVersion = "Xcode 3.2";
			developmentRegion = English;
			hasScannedForEncodings = 0;
			knownRegions = (
				en,
				Base,
			);
			mainGroup = FC0FE9DD19FF313F008B6BB4;
			productRefGroup = FC0FE9E719FF313F008B6BB4 /* Products */;
			projectDirPath = "";
			projectRoot = "";
			targets = (
				FC0FE9E519FF313F008B6BB4 /* embedNavi */,
				FC0FEA0119FF313F008B6BB4 /* embedNaviTests */,
			);
		};
/* End PBXProject section */

/* Begin PBXResourcesBuildPhase section */
		FC0FE9E419FF313F008B6BB4 /* Resources */ = {
			isa = PBXResourcesBuildPhase;
			buildActionMask = 2147483647;
			files = (
				FC0FE9F819FF313F008B6BB4 /* Main.storyboard in Resources */,
				FC0FE9FD19FF313F008B6BB4 /* LaunchScreen.xib in Resources */,
				FC0FE9FA19FF313F008B6BB4 /* Images.xcassets in Resources */,
			);
			runOnlyForDeploymentPostprocessing = 0;
		};
		FC0FEA0019FF313F008B6BB4 /* Resources */ = {
			isa = PBXResourcesBuildPhase;
			buildActionMask = 2147483647;
			files = (
			);
			runOnlyForDeploymentPostprocessing = 0;
		};
/* End PBXResourcesBuildPhase section */

/* Begin PBXSourcesBuildPhase section */
		FC0FE9E219FF313F008B6BB4 /* Sources */ = {
			isa = PBXSourcesBuildPhase;
			buildActionMask = 2147483647;
			files = (
				FC0FE9EF19FF313F008B6BB4 /* AppDelegate.m in Sources */,
				FC0FE9F219FF313F008B6BB4 /* embedNavi.xcdatamodeld in Sources */,
				FC0FE9F519FF313F008B6BB4 /* ViewController.m in Sources */,
				FC0FE9EC19FF313F008B6BB4 /* main.m in Sources */,
				FC7E53A91A0082E40002FF46 /* MyViewController.m in Sources */,
			);
			runOnlyForDeploymentPostprocessing = 0;
		};
		FC0FE9FE19FF313F008B6BB4 /* Sources */ = {
			isa = PBXSourcesBuildPhase;
			buildActionMask = 2147483647;
			files = (
				FC0FEA0919FF313F008B6BB4 /* embedNaviTests.m in Sources */,
			);
			runOnlyForDeploymentPostprocessing = 0;
		};
/* End PBXSourcesBuildPhase section */

/* Begin PBXTargetDependency section */
		FC0FEA0419FF313F008B6BB4 /* PBXTargetDependency */ = {
			isa = PBXTargetDependency;
			target = FC0FE9E519FF313F008B6BB4 /* embedNavi */;
			targetProxy = FC0FEA0319FF313F008B6BB4 /* PBXContainerItemProxy */;
		};
/* End PBXTargetDependency section */

/* Begin PBXVariantGroup section */
		FC0FE9F619FF313F008B6BB4 /* Main.storyboard */ = {
			isa = PBXVariantGroup;
			children = (
				FC0FE9F719FF313F008B6BB4 /* Base */,
			);
			name = Main.storyboard;
			sourceTree = "<group>";
		};
		FC0FE9FB19FF313F008B6BB4 /* LaunchScreen.xib */ = {
			isa = PBXVariantGroup;
			children = (
				FC0FE9FC19FF313F008B6BB4 /* Base */,
			);
			name = LaunchScreen.xib;
			sourceTree = "<group>";
		};
/* End PBXVariantGroup section */

/* Begin XCBuildConfiguration section */
		FC0FEA0A19FF313F008B6BB4 /* Debug */ = {
			isa = XCBuildConfiguration;
			buildSettings = {
				ALWAYS_SEARCH_USER_PATHS = NO;
				CLANG_CXX_LANGUAGE_STANDARD = "gnu++0x";
				CLANG_CXX_LIBRARY = "libc++";
				CLANG_ENABLE_MODULES = YES;
				CLANG_ENABLE_OBJC_ARC = YES;
				CLANG_WARN_BOOL_CONVERSION = YES;
				CLANG_WARN_CONSTANT_CONVERSION = YES;
				CLANG_WARN_DIRECT_OBJC_ISA_USAGE = YES_ERROR;
				CLANG_WARN_EMPTY_BODY = YES;
				CLANG_WARN_ENUM_CONVERSION = YES;
				CLANG_WARN_INT_CONVERSION = YES;
				CLANG_WARN_OBJC_ROOT_CLASS = YES_ERROR;
				CLANG_WARN_UNREACHABLE_CODE = YES;
				CLANG_WARN__DUPLICATE_METHOD_MATCH = YES;
				"CODE_SIGN_IDENTITY[sdk=iphoneos*]" = "iPhone Developer";
				COPY_PHASE_STRIP = NO;
				ENABLE_STRICT_OBJC_MSGSEND = YES;
				GCC_C_LANGUAGE_STANDARD = gnu99;
				GCC_DYNAMIC_NO_PIC = NO;
				GCC_OPTIMIZATION_LEVEL = 0;
				GCC_PREPROCESSOR_DEFINITIONS = (
					"DEBUG=1",
					"$(inherited)",
				);
				GCC_SYMBOLS_PRIVATE_EXTERN = NO;
				GCC_WARN_64_TO_32_BIT_CONVERSION = YES;
				GCC_WARN_ABOUT_RETURN_TYPE = YES_ERROR;
				GCC_WARN_UNDECLARED_SELECTOR = YES;
				GCC_WARN_UNINITIALIZED_AUTOS = YES_AGGRESSIVE;
				GCC_WARN_UNUSED_FUNCTION = YES;
				GCC_WARN_UNUSED_VARIABLE = YES;
				IPHONEOS_DEPLOYMENT_TARGET = 8.1;
				MTL_ENABLE_DEBUG_INFO = YES;
				ONLY_ACTIVE_ARCH = YES;
				SDKROOT = iphoneos;
			};
			name = Debug;
		};
		FC0FEA0B19FF313F008B6BB4 /* Release */ = {
			isa = XCBuildConfiguration;
			buildSettings = {
				ALWAYS_SEARCH_USER_PATHS = NO;
				CLANG_CXX_LANGUAGE_STANDARD = "gnu++0x";
				CLANG_CXX_LIBRARY = "libc++";
				CLANG_ENABLE_MODULES = YES;
				CLANG_ENABLE_OBJC_ARC = YES;
				CLANG_WARN_BOOL_CONVERSION = YES;
				CLANG_WARN_CONSTANT_CONVERSION = YES;
				CLANG_WARN_DIRECT_OBJC_ISA_USAGE = YES_ERROR;
				CLANG_WARN_EMPTY_BODY = YES;
				CLANG_WARN_ENUM_CONVERSION = YES;
				CLANG_WARN_INT_CONVERSION = YES;
				CLANG_WARN_OBJC_ROOT_CLASS = YES_ERROR;
				CLANG_WARN_UNREACHABLE_CODE = YES;
				CLANG_WARN__DUPLICATE_METHOD_MATCH = YES;
				"CODE_SIGN_IDENTITY[sdk=iphoneos*]" = "iPhone Developer";
				COPY_PHASE_STRIP = YES;
				ENABLE_NS_ASSERTIONS = NO;
				ENABLE_STRICT_OBJC_MSGSEND = YES;
				GCC_C_LANGUAGE_STANDARD = gnu99;
				GCC_WARN_64_TO_32_BIT_CONVERSION = YES;
				GCC_WARN_ABOUT_RETURN_TYPE = YES_ERROR;
				GCC_WARN_UNDECLARED_SELECTOR = YES;
				GCC_WARN_UNINITIALIZED_AUTOS = YES_AGGRESSIVE;
				GCC_WARN_UNUSED_FUNCTION = YES;
				GCC_WARN_UNUSED_VARIABLE = YES;
				IPHONEOS_DEPLOYMENT_TARGET = 8.1;
				MTL_ENABLE_DEBUG_INFO = NO;
				SDKROOT = iphoneos;
				VALIDATE_PRODUCT = YES;
			};
			name = Release;
		};
		FC0FEA0D19FF313F008B6BB4 /* Debug */ = {
			isa = XCBuildConfiguration;
			buildSettings = {
				ASSETCATALOG_COMPILER_APPICON_NAME = AppIcon;
				INFOPLIST_FILE = embedNavi/Info.plist;
				LD_RUNPATH_SEARCH_PATHS = "$(inherited) @executable_path/Frameworks";
				PRODUCT_NAME = "$(TARGET_NAME)";
			};
			name = Debug;
		};
		FC0FEA0E19FF313F008B6BB4 /* Release */ = {
			isa = XCBuildConfiguration;
			buildSettings = {
				ASSETCATALOG_COMPILER_APPICON_NAME = AppIcon;
				INFOPLIST_FILE = embedNavi/Info.plist;
				LD_RUNPATH_SEARCH_PATHS = "$(inherited) @executable_path/Frameworks";
				PRODUCT_NAME = "$(TARGET_NAME)";
			};
			name = Release;
		};
		FC0FEA1019FF313F008B6BB4 /* Debug */ = {
			isa = XCBuildConfiguration;
			buildSettings = {
				BUNDLE_LOADER = "$(TEST_HOST)";
				FRAMEWORK_SEARCH_PATHS = (
					"$(SDKROOT)/Developer/Library/Frameworks",
					"$(inherited)",
				);
				GCC_PREPROCESSOR_DEFINITIONS = (
					"DEBUG=1",
					"$(inherited)",
				);
				INFOPLIST_FILE = embedNaviTests/Info.plist;
				LD_RUNPATH_SEARCH_PATHS = "$(inherited) @executable_path/Frameworks @loader_path/Frameworks";
				PRODUCT_NAME = "$(TARGET_NAME)";
				TEST_HOST = "$(BUILT_PRODUCTS_DIR)/embedNavi.app/embedNavi";
			};
			name = Debug;
		};
		FC0FEA1119FF313F008B6BB4 /* Release */ = {
			isa = XCBuildConfiguration;
			buildSettings = {
				BUNDLE_LOADER = "$(TEST_HOST)";
				FRAMEWORK_SEARCH_PATHS = (
					"$(SDKROOT)/Developer/Library/Frameworks",
					"$(inherited)",
				);
				INFOPLIST_FILE = embedNaviTests/Info.plist;
				LD_RUNPATH_SEARCH_PATHS = "$(inherited) @executable_path/Frameworks @loader_path/Frameworks";
				PRODUCT_NAME = "$(TARGET_NAME)";
				TEST_HOST = "$(BUILT_PRODUCTS_DIR)/embedNavi.app/embedNavi";
			};
			name = Release;
		};
/* End XCBuildConfiguration section */

/* Begin XCConfigurationList section */
		FC0FE9E119FF313F008B6BB4 /* Build configuration list for PBXProject "embedNavi" */ = {
			isa = XCConfigurationList;
			buildConfigurations = (
				FC0FEA0A19FF313F008B6BB4 /* Debug */,
				FC0FEA0B19FF313F008B6BB4 /* Release */,
			);
			defaultConfigurationIsVisible = 0;
			defaultConfigurationName = Release;
		};
		FC0FEA0C19FF313F008B6BB4 /* Build configuration list for PBXNativeTarget "embedNavi" */ = {
			isa = XCConfigurationList;
			buildConfigurations = (
				FC0FEA0D19FF313F008B6BB4 /* Debug */,
				FC0FEA0E19FF313F008B6BB4 /* Release */,
			);
			defaultConfigurationIsVisible = 0;
			defaultConfigurationName = Release;
		};
		FC0FEA0F19FF313F008B6BB4 /* Build configuration list for PBXNativeTarget "embedNaviTests" */ = {
			isa = XCConfigurationList;
			buildConfigurations = (
				FC0FEA1019FF313F008B6BB4 /* Debug */,
				FC0FEA1119FF313F008B6BB4 /* Release */,
			);
			defaultConfigurationIsVisible = 0;
			defaultConfigurationName = Release;
		};
/* End XCConfigurationList section */

/* Begin XCVersionGroup section */
		FC0FE9F019FF313F008B6BB4 /* embedNavi.xcdatamodeld */ = {
			isa = XCVersionGroup;
			children = (
				FC0FE9F119FF313F008B6BB4 /* embedNavi.xcdatamodel */,
			);
			currentVersion = FC0FE9F119FF313F008B6BB4 /* embedNavi.xcdatamodel */;
			path = embedNavi.xcdatamodeld;
			sourceTree = "<group>";
			versionGroupType = wrapper.xcdatamodel;
		};
/* End XCVersionGroup section */
	};
	rootObject = FC0FE9DE19FF313F008B6BB4 /* Project object */;
}
